
Microsoft Visual Studio Solution File, Format Version 12.00
# Visual Studio Version 17
VisualStudioVersion = 17.0.31903.59
MinimumVisualStudioVersion = 10.0.40219.1
Project("{FAE04EC0-301F-11D3-BF4B-00C04F79EFBC}") = "FirstTutorial", "FirstTutorial\FirstTutorial.csproj", "{BF0D2EB5-5BE5-4BA4-BA76-A0536EDF6DEC}"
EndProject
Project("{FAE04EC0-301F-11D3-BF4B-00C04F79EFBC}") = "Day5", "Day5\Day5.csproj", "{E6E2D797-28AA-4C74-B5FD-33540115B72F}"
EndProject
Project("{FAE04EC0-301F-11D3-BF4B-00C04F79EFBC}") = "Day6", "Day6\Day6.csproj", "{BEC33419-FC55-47A7-94E7-F54538A390D4}"
EndProject
Project("{FAE04EC0-301F-11D3-BF4B-00C04F79EFBC}") = "Day7", "Day7\Day7.csproj", "{56D19509-8946-414D-9C31-7057E0B6BFE3}"
EndProject
Project("{FAE04EC0-301F-11D3-BF4B-00C04F79EFBC}") = "Day8", "Day8\Day8.csproj", "{735173C4-660F-4268-88B0-2133042B70CD}"
EndProject
Global
	GlobalSection(SolutionConfigurationPlatforms) = preSolution
		Debug|Any CPU = Debug|Any CPU
		Release|Any CPU = Release|Any CPU
	EndGlobalSection
	GlobalSection(SolutionProperties) = preSolution
		HideSolutionNode = FALSE
	EndGlobalSection
	GlobalSection(ProjectConfigurationPlatforms) = postSolution
		{BF0D2EB5-5BE5-4BA4-BA76-A0536EDF6DEC}.Debug|Any CPU.ActiveCfg = Debug|Any CPU
		{BF0D2EB5-5BE5-4BA4-BA76-A0536EDF6DEC}.Debug|Any CPU.Build.0 = Debug|Any CPU
		{BF0D2EB5-5BE5-4BA4-BA76-A0536EDF6DEC}.Release|Any CPU.ActiveCfg = Release|Any CPU
		{BF0D2EB5-5BE5-4BA4-BA76-A0536EDF6DEC}.Release|Any CPU.Build.0 = Release|Any CPU
		{E6E2D797-28AA-4C74-B5FD-33540115B72F}.Debug|Any CPU.ActiveCfg = Debug|Any CPU
		{E6E2D797-28AA-4C74-B5FD-33540115B72F}.Debug|Any CPU.Build.0 = Debug|Any CPU
		{E6E2D797-28AA-4C74-B5FD-33540115B72F}.Release|Any CPU.ActiveCfg = Release|Any CPU
		{E6E2D797-28AA-4C74-B5FD-33540115B72F}.Release|Any CPU.Build.0 = Release|Any CPU
		{BEC33419-FC55-47A7-94E7-F54538A390D4}.Debug|Any CPU.ActiveCfg = Debug|Any CPU
		{BEC33419-FC55-47A7-94E7-F54538A390D4}.Debug|Any CPU.Build.0 = Debug|Any CPU
		{BEC33419-FC55-47A7-94E7-F54538A390D4}.Release|Any CPU.ActiveCfg = Release|Any CPU
		{BEC33419-FC55-47A7-94E7-F54538A390D4}.Release|Any CPU.Build.0 = Release|Any CPU
		{56D19509-8946-414D-9C31-7057E0B6BFE3}.Debug|Any CPU.ActiveCfg = Debug|Any CPU
		{56D19509-8946-414D-9C31-7057E0B6BFE3}.Debug|Any CPU.Build.0 = Debug|Any CPU
		{56D19509-8946-414D-9C31-7057E0B6BFE3}.Release|Any CPU.ActiveCfg = Release|Any CPU
		{56D19509-8946-414D-9C31-7057E0B6BFE3}.Release|Any CPU.Build.0 = Release|Any CPU
		{735173C4-660F-4268-88B0-2133042B70CD}.Debug|Any CPU.ActiveCfg = Debug|Any CPU
		{735173C4-660F-4268-88B0-2133042B70CD}.Debug|Any CPU.Build.0 = Debug|Any CPU
		{735173C4-660F-4268-88B0-2133042B70CD}.Release|Any CPU.ActiveCfg = Release|Any CPU
		{735173C4-660F-4268-88B0-2133042B70CD}.Release|Any CPU.Build.0 = Release|Any CPU
	EndGlobalSection
EndGlobal
